Microsoft Visual Studio Solution File, Format Version 12.00
# Visual Studio Version 16
VisualStudioVersion = 16.0.30104.148
MinimumVisualStudioVersion = 10.0.40219.1
Project("{9A19103F-16F7-4668-BE54-9A1E7A4F7556}") = "MilasFitnessUI", "MilasFitnessUI\MilasFitnessUI.csproj", "{18010B80-282B-4621-A311-7A2A4629BFA0}"
EndProject
Global
	GlobalSection(SolutionConfigurationPlatforms) = preSolution
		Debug|Any CPU = Debug|Any CPU
		Release|Any CPU = Release|Any CPU
	EndGlobalSection
	GlobalSection(ProjectConfigurationPlatforms) = postSolution
		{18010B80-282B-4621-A311-7A2A4629BFA0}.Debug|Any CPU.ActiveCfg = Debug|Any CPU
		{18010B80-282B-4621-A311-7A2A4629BFA0}.Debug|Any CPU.Build.0 = Debug|Any CPU
		{18010B80-282B-4621-A311-7A2A4629BFA0}.Release|Any CPU.ActiveCfg = Release|Any CPU
		{18010B80-282B-4621-A311-7A2A4629BFA0}.Release|Any CPU.Build.0 = Release|Any CPU
	EndGlobalSection
	GlobalSection(SolutionProperties) = preSolution
		HideSolutionNode = FALSE
	EndGlobalSection
	GlobalSection(ExtensibilityGlobals) = postSolution
		SolutionGuid = {EED15FE3-1703-454D-B60C-003C2CB10902}
	EndGlobalSection
EndGlobal
